
Microsoft Visual Studio Solution File, Format Version 12.00
# Visual Studio Version 17
VisualStudioVersion = 17.0.31903.59
MinimumVisualStudioVersion = 10.0.40219.1
Project("{2150E333-8FDC-42A3-9474-1A3956D46DE8}") = "src", "src", "{827E0CD3-B72D-47B6-A68D-7590B98EB39B}"
EndProject
Project("{FAE04EC0-301F-11D3-BF4B-00C04F79EFBC}") = "Fortuity.Api", "src\Fortuity.Api\Fortuity.Api.csproj", "{71DCCA37-C32F-482F-B74E-0B78BBFCAC1E}"
EndProject
Project("{FAE04EC0-301F-11D3-BF4B-00C04F79EFBC}") = "Fortuity.Application", "src\Fortuity.Application\Fortuity.Application.csproj", "{A30B99A0-64CE-4028-922C-32D817E448BE}"
EndProject
Project("{FAE04EC0-301F-11D3-BF4B-00C04F79EFBC}") = "Fortuity.Domain", "src\Fortuity.Domain\Fortuity.Domain.csproj", "{16612970-05FC-478B-9177-72378E723974}"
EndProject
Project("{FAE04EC0-301F-11D3-BF4B-00C04F79EFBC}") = "Fortuity.Infrastructure", "src\Fortuity.Infrastructure\Fortuity.Infrastructure.csproj", "{C317EF42-1B8D-4EE5-B0E1-96A1DBCDF8DA}"
EndProject
Project("{FAE04EC0-301F-11D3-BF4B-00C04F79EFBC}") = "Fortuity.Web", "src\Fortuity.Web\Fortuity.Web.csproj", "{FB3C2600-F0CC-4F01-93FA-D070DB6D0660}"
EndProject
Project("{2150E333-8FDC-42A3-9474-1A3956D46DE8}") = "tests", "tests", "{0AB3BF05-4346-4AA6-1389-037BE0695223}"
EndProject
Project("{FAE04EC0-301F-11D3-BF4B-00C04F79EFBC}") = "Fortuity.IntegrationTests", "tests\Fortuity.IntegrationTests\Fortuity.IntegrationTests.csproj", "{10693290-02AF-4D73-A6A6-0076689481E8}"
EndProject
Project("{FAE04EC0-301F-11D3-BF4B-00C04F79EFBC}") = "Fortuity.UnitTests", "tests\Fortuity.UnitTests\Fortuity.UnitTests.csproj", "{84C7C8CF-A1E0-4A4F-A769-F2F5A1FC5C2E}"
EndProject
Global
	GlobalSection(SolutionConfigurationPlatforms) = preSolution
		Debug|Any CPU = Debug|Any CPU
		Debug|x64 = Debug|x64
		Debug|x86 = Debug|x86
		Release|Any CPU = Release|Any CPU
		Release|x64 = Release|x64
		Release|x86 = Release|x86
	EndGlobalSection
	GlobalSection(ProjectConfigurationPlatforms) = postSolution
		{71DCCA37-C32F-482F-B74E-0B78BBFCAC1E}.Debug|Any CPU.ActiveCfg = Debug|Any CPU
		{71DCCA37-C32F-482F-B74E-0B78BBFCAC1E}.Debug|Any CPU.Build.0 = Debug|Any CPU
		{71DCCA37-C32F-482F-B74E-0B78BBFCAC1E}.Debug|x64.ActiveCfg = Debug|Any CPU
		{71DCCA37-C32F-482F-B74E-0B78BBFCAC1E}.Debug|x64.Build.0 = Debug|Any CPU
		{71DCCA37-C32F-482F-B74E-0B78BBFCAC1E}.Debug|x86.ActiveCfg = Debug|Any CPU
		{71DCCA37-C32F-482F-B74E-0B78BBFCAC1E}.Debug|x86.Build.0 = Debug|Any CPU
		{71DCCA37-C32F-482F-B74E-0B78BBFCAC1E}.Release|Any CPU.ActiveCfg = Release|Any CPU
		{71DCCA37-C32F-482F-B74E-0B78BBFCAC1E}.Release|Any CPU.Build.0 = Release|Any CPU
		{71DCCA37-C32F-482F-B74E-0B78BBFCAC1E}.Release|x64.ActiveCfg = Release|Any CPU
		{71DCCA37-C32F-482F-B74E-0B78BBFCAC1E}.Release|x64.Build.0 = Release|Any CPU
		{71DCCA37-C32F-482F-B74E-0B78BBFCAC1E}.Release|x86.ActiveCfg = Release|Any CPU
		{71DCCA37-C32F-482F-B74E-0B78BBFCAC1E}.Release|x86.Build.0 = Release|Any CPU
		{A30B99A0-64CE-4028-922C-32D817E448BE}.Debug|Any CPU.ActiveCfg = Debug|Any CPU
		{A30B99A0-64CE-4028-922C-32D817E448BE}.Debug|Any CPU.Build.0 = Debug|Any CPU
		{A30B99A0-64CE-4028-922C-32D817E448BE}.Debug|x64.ActiveCfg = Debug|Any CPU
		{A30B99A0-64CE-4028-922C-32D817E448BE}.Debug|x64.Build.0 = Debug|Any CPU
		{A30B99A0-64CE-4028-922C-32D817E448BE}.Debug|x86.ActiveCfg = Debug|Any CPU
		{A30B99A0-64CE-4028-922C-32D817E448BE}.Debug|x86.Build.0 = Debug|Any CPU
		{A30B99A0-64CE-4028-922C-32D817E448BE}.Release|Any CPU.ActiveCfg = Release|Any CPU
		{A30B99A0-64CE-4028-922C-32D817E448BE}.Release|Any CPU.Build.0 = Release|Any CPU
		{A30B99A0-64CE-4028-922C-32D817E448BE}.Release|x64.ActiveCfg = Release|Any CPU
		{A30B99A0-64CE-4028-922C-32D817E448BE}.Release|x64.Build.0 = Release|Any CPU
		{A30B99A0-64CE-4028-922C-32D817E448BE}.Release|x86.ActiveCfg = Release|Any CPU
		{A30B99A0-64CE-4028-922C-32D817E448BE}.Release|x86.Build.0 = Release|Any CPU
		{16612970-05FC-478B-9177-72378E723974}.Debug|Any CPU.ActiveCfg = Debug|Any CPU
		{16612970-05FC-478B-9177-72378E723974}.Debug|Any CPU.Build.0 = Debug|Any CPU
		{16612970-05FC-478B-9177-72378E723974}.Debug|x64.ActiveCfg = Debug|Any CPU
		{16612970-05FC-478B-9177-72378E723974}.Debug|x64.Build.0 = Debug|Any CPU
		{16612970-05FC-478B-9177-72378E723974}.Debug|x86.ActiveCfg = Debug|Any CPU
		{16612970-05FC-478B-9177-72378E723974}.Debug|x86.Build.0 = Debug|Any CPU
		{16612970-05FC-478B-9177-72378E723974}.Release|Any CPU.ActiveCfg = Release|Any CPU
		{16612970-05FC-478B-9177-72378E723974}.Release|Any CPU.Build.0 = Release|Any CPU
		{16612970-05FC-478B-9177-72378E723974}.Release|x64.ActiveCfg = Release|Any CPU
		{16612970-05FC-478B-9177-72378E723974}.Release|x64.Build.0 = Release|Any CPU
		{16612970-05FC-478B-9177-72378E723974}.Release|x86.ActiveCfg = Release|Any CPU
		{16612970-05FC-478B-9177-72378E723974}.Release|x86.Build.0 = Release|Any CPU
		{C317EF42-1B8D-4EE5-B0E1-96A1DBCDF8DA}.Debug|Any CPU.ActiveCfg = Debug|Any CPU
		{C317EF42-1B8D-4EE5-B0E1-96A1DBCDF8DA}.Debug|Any CPU.Build.0 = Debug|Any CPU
		{C317EF42-1B8D-4EE5-B0E1-96A1DBCDF8DA}.Debug|x64.ActiveCfg = Debug|Any CPU
		{C317EF42-1B8D-4EE5-B0E1-96A1DBCDF8DA}.Debug|x64.Build.0 = Debug|Any CPU
		{C317EF42-1B8D-4EE5-B0E1-96A1DBCDF8DA}.Debug|x86.ActiveCfg = Debug|Any CPU
		{C317EF42-1B8D-4EE5-B0E1-96A1DBCDF8DA}.Debug|x86.Build.0 = Debug|Any CPU
		{C317EF42-1B8D-4EE5-B0E1-96A1DBCDF8DA}.Release|Any CPU.ActiveCfg = Release|Any CPU
		{C317EF42-1B8D-4EE5-B0E1-96A1DBCDF8DA}.Release|Any CPU.Build.0 = Release|Any CPU
		{C317EF42-1B8D-4EE5-B0E1-96A1DBCDF8DA}.Release|x64.ActiveCfg = Release|Any CPU
		{C317EF42-1B8D-4EE5-B0E1-96A1DBCDF8DA}.Release|x64.Build.0 = Release|Any CPU
		{C317EF42-1B8D-4EE5-B0E1-96A1DBCDF8DA}.Release|x86.ActiveCfg = Release|Any CPU
		{C317EF42-1B8D-4EE5-B0E1-96A1DBCDF8DA}.Release|x86.Build.0 = Release|Any CPU
		{FB3C2600-F0CC-4F01-93FA-D070DB6D0660}.Debug|Any CPU.ActiveCfg = Debug|Any CPU
		{FB3C2600-F0CC-4F01-93FA-D070DB6D0660}.Debug|Any CPU.Build.0 = Debug|Any CPU
		{FB3C2600-F0CC-4F01-93FA-D070DB6D0660}.Debug|x64.ActiveCfg = Debug|Any CPU
		{FB3C2600-F0CC-4F01-93FA-D070DB6D0660}.Debug|x64.Build.0 = Debug|Any CPU
		{FB3C2600-F0CC-4F01-93FA-D070DB6D0660}.Debug|x86.ActiveCfg = Debug|Any CPU
		{FB3C2600-F0CC-4F01-93FA-D070DB6D0660}.Debug|x86.Build.0 = Debug|Any CPU
		{FB3C2600-F0CC-4F01-93FA-D070DB6D0660}.Release|Any CPU.ActiveCfg = Release|Any CPU
		{FB3C2600-F0CC-4F01-93FA-D070DB6D0660}.Release|Any CPU.Build.0 = Release|Any CPU
		{FB3C2600-F0CC-4F01-93FA-D070DB6D0660}.Release|x64.ActiveCfg = Release|Any CPU
		{FB3C2600-F0CC-4F01-93FA-D070DB6D0660}.Release|x64.Build.0 = Release|Any CPU
		{FB3C2600-F0CC-4F01-93FA-D070DB6D0660}.Release|x86.ActiveCfg = Release|Any CPU
		{FB3C2600-F0CC-4F01-93FA-D070DB6D0660}.Release|x86.Build.0 = Release|Any CPU
		{10693290-02AF-4D73-A6A6-0076689481E8}.Debug|Any CPU.ActiveCfg = Debug|Any CPU
		{10693290-02AF-4D73-A6A6-0076689481E8}.Debug|Any CPU.Build.0 = Debug|Any CPU
		{10693290-02AF-4D73-A6A6-0076689481E8}.Debug|x64.ActiveCfg = Debug|Any CPU
		{10693290-02AF-4D73-A6A6-0076689481E8}.Debug|x64.Build.0 = Debug|Any CPU
		{10693290-02AF-4D73-A6A6-0076689481E8}.Debug|x86.ActiveCfg = Debug|Any CPU
		{10693290-02AF-4D73-A6A6-0076689481E8}.Debug|x86.Build.0 = Debug|Any CPU
		{10693290-02AF-4D73-A6A6-0076689481E8}.Release|Any CPU.ActiveCfg = Release|Any CPU
		{10693290-02AF-4D73-A6A6-0076689481E8}.Release|Any CPU.Build.0 = Release|Any CPU
		{10693290-02AF-4D73-A6A6-0076689481E8}.Release|x64.ActiveCfg = Release|Any CPU
		{10693290-02AF-4D73-A6A6-0076689481E8}.Release|x64.Build.0 = Release|Any CPU
		{10693290-02AF-4D73-A6A6-0076689481E8}.Release|x86.ActiveCfg = Release|Any CPU
		{10693290-02AF-4D73-A6A6-0076689481E8}.Release|x86.Build.0 = Release|Any CPU
		{84C7C8CF-A1E0-4A4F-A769-F2F5A1FC5C2E}.Debug|Any CPU.ActiveCfg = Debug|Any CPU
		{84C7C8CF-A1E0-4A4F-A769-F2F5A1FC5C2E}.Debug|Any CPU.Build.0 = Debug|Any CPU
		{84C7C8CF-A1E0-4A4F-A769-F2F5A1FC5C2E}.Debug|x64.ActiveCfg = Debug|Any CPU
		{84C7C8CF-A1E0-4A4F-A769-F2F5A1FC5C2E}.Debug|x64.Build.0 = Debug|Any CPU
		{84C7C8CF-A1E0-4A4F-A769-F2F5A1FC5C2E}.Debug|x86.ActiveCfg = Debug|Any CPU
		{84C7C8CF-A1E0-4A4F-A769-F2F5A1FC5C2E}.Debug|x86.Build.0 = Debug|Any CPU
		{84C7C8CF-A1E0-4A4F-A769-F2F5A1FC5C2E}.Release|Any CPU.ActiveCfg = Release|Any CPU
		{84C7C8CF-A1E0-4A4F-A769-F2F5A1FC5C2E}.Release|Any CPU.Build.0 = Release|Any CPU
		{84C7C8CF-A1E0-4A4F-A769-F2F5A1FC5C2E}.Release|x64.ActiveCfg = Release|Any CPU
		{84C7C8CF-A1E0-4A4F-A769-F2F5A1FC5C2E}.Release|x64.Build.0 = Release|Any CPU
		{84C7C8CF-A1E0-4A4F-A769-F2F5A1FC5C2E}.Release|x86.ActiveCfg = Release|Any CPU
		{84C7C8CF-A1E0-4A4F-A769-F2F5A1FC5C2E}.Release|x86.Build.0 = Release|Any CPU
	EndGlobalSection
	GlobalSection(SolutionProperties) = preSolution
		HideSolutionNode = FALSE
	EndGlobalSection
	GlobalSection(NestedProjects) = preSolution
		{71DCCA37-C32F-482F-B74E-0B78BBFCAC1E} = {827E0CD3-B72D-47B6-A68D-7590B98EB39B}
		{A30B99A0-64CE-4028-922C-32D817E448BE} = {827E0CD3-B72D-47B6-A68D-7590B98EB39B}
		{16612970-05FC-478B-9177-72378E723974} = {827E0CD3-B72D-47B6-A68D-7590B98EB39B}
		{C317EF42-1B8D-4EE5-B0E1-96A1DBCDF8DA} = {827E0CD3-B72D-47B6-A68D-7590B98EB39B}
		{FB3C2600-F0CC-4F01-93FA-D070DB6D0660} = {827E0CD3-B72D-47B6-A68D-7590B98EB39B}
		{10693290-02AF-4D73-A6A6-0076689481E8} = {0AB3BF05-4346-4AA6-1389-037BE0695223}
		{84C7C8CF-A1E0-4A4F-A769-F2F5A1FC5C2E} = {0AB3BF05-4346-4AA6-1389-037BE0695223}
	EndGlobalSection
EndGlobal
